Microsoft Visual Studio Solution File, Format Version 11.00
# Visual Studio 2008

Project("{003E9CB6-13DD-A73A-00E9-693160019F99}") = "MinmapManager01", "Assembly-CSharp.csproj", "{093D68B2-1223-E8A2-4505-7002246B268E}"
EndProject
Global
	GlobalSection(SolutionConfigurationPlatforms) = preSolution
		Debug|Any CPU = Debug|Any CPU
		Release|Any CPU = Release|Any CPU
	EndGlobalSection
	GlobalSection(ProjectConfigurationPlatforms) = postSolution
		{093D68B2-1223-E8A2-4505-7002246B268E}.Debug|Any CPU.ActiveCfg = Debug|Any CPU
		{093D68B2-1223-E8A2-4505-7002246B268E}.Debug|Any CPU.Build.0 = Debug|Any CPU
		{093D68B2-1223-E8A2-4505-7002246B268E}.Release|Any CPU.ActiveCfg = Release|Any CPU
		{093D68B2-1223-E8A2-4505-7002246B268E}.Release|Any CPU.Build.0 = Release|Any CPU
	EndGlobalSection
	GlobalSection(SolutionProperties) = preSolution
		HideSolutionNode = FALSE
	EndGlobalSection
					GlobalSection(MonoDevelopProperties) = preSolution
		StartupItem = Assembly-CSharp.csproj
		Policies = $0
		$0.TextStylePolicy = $1
		$1.inheritsSet = null
		$1.scope = text/x-csharp
		$0.CSharpFormattingPolicy = $2
		$2.inheritsSet = Mono
		$2.inheritsScope = text/x-csharp
		$2.scope = text/x-csharp
		$0.TextStylePolicy = $3
		$3.FileWidth = 120
		$3.TabWidth = 4
		$3.EolMarker = Unix
		$3.inheritsSet = Mono
		$3.inheritsScope = text/plain
		$3.scope = text/plain
	EndGlobalSection

EndGlobal
